
Microsoft Visual Studio Solution File, Format Version 12.00
# Visual Studio 15
VisualStudioVersion = 15.0.28307.421
MinimumVisualStudioVersion = 10.0.40219.1
Project("{FAE04EC0-301F-11D3-BF4B-00C04F79EFBC}") = "ToDoApp", "ToDoApp\ToDoApp.csproj", "{74C009FC-99BE-441E-8C59-8D253C73FBE2}"
EndProject
Global
	GlobalSection(SolutionConfigurationPlatforms) = preSolution
		Debug|Any CPU = Debug|Any CPU
		Release|Any CPU = Release|Any CPU
	EndGlobalSection
	GlobalSection(ProjectConfigurationPlatforms) = postSolution
		{74C009FC-99BE-441E-8C59-8D253C73FBE2}.Debug|Any CPU.ActiveCfg = Debug|Any CPU
		{74C009FC-99BE-441E-8C59-8D253C73FBE2}.Debug|Any CPU.Build.0 = Debug|Any CPU
		{74C009FC-99BE-441E-8C59-8D253C73FBE2}.Release|Any CPU.ActiveCfg = Release|Any CPU
		{74C009FC-99BE-441E-8C59-8D253C73FBE2}.Release|Any CPU.Build.0 = Release|Any CPU
	EndGlobalSection
	GlobalSection(SolutionProperties) = preSolution
		HideSolutionNode = FALSE
	EndGlobalSection
	GlobalSection(ExtensibilityGlobals) = postSolution
		SolutionGuid = {7293ABA4-0485-4989-93C5-99521BE3DA9D}
	EndGlobalSection
EndGlobal
